<?xml version="1.0" encoding="UTF-8"?>
<CodeBlocks_project_file>
	<FileVersion major="1" minor="6"/>
	<Project>
		<Option title="sdl2_3d_engine"/>
		<Option makefile_is_custom="1"/>
		<Option compiler="gcc"/>
		<Option virtualFolders="CMake Files\;CMake Files\cmake\;"/>
		<Build>
			<Target title="all">
				<Option working_dir="/Users/darkhead/CLionProjects/sdl2_3d_engine/cmake"/>
				<Option type="4"/>
				<MakeCommands>
					<Build command="/usr/bin/make -j4 -f &quot;/Users/darkhead/CLionProjects/sdl2_3d_engine/cmake/Makefile&quot;  VERBOSE=1 all"/>
					<CompileFile command="/usr/bin/make -j4 -f &quot;/Users/darkhead/CLionProjects/sdl2_3d_engine/cmake/Makefile&quot;  VERBOSE=1 &quot;$file&quot;"/>
					<Clean command="/usr/bin/make -j4 -f &quot;/Users/darkhead/CLionProjects/sdl2_3d_engine/cmake/Makefile&quot;  VERBOSE=1 clean"/>
					<DistClean command="/usr/bin/make -j4 -f &quot;/Users/darkhead/CLionProjects/sdl2_3d_engine/cmake/Makefile&quot;  VERBOSE=1 clean"/>
				</MakeCommands>
			</Target>
			<Target title="rebuild_cache">
				<Option working_dir="/Users/darkhead/CLionProjects/sdl2_3d_engine/cmake"/>
				<Option type="4"/>
				<MakeCommands>
					<Build command="/usr/bin/make -j4 -f &quot;/Users/darkhead/CLionProjects/sdl2_3d_engine/cmake/Makefile&quot;  VERBOSE=1 rebuild_cache"/>
					<CompileFile command="/usr/bin/make -j4 -f &quot;/Users/darkhead/CLionProjects/sdl2_3d_engine/cmake/Makefile&quot;  VERBOSE=1 &quot;$file&quot;"/>
					<Clean command="/usr/bin/make -j4 -f &quot;/Users/darkhead/CLionProjects/sdl2_3d_engine/cmake/Makefile&quot;  VERBOSE=1 clean"/>
					<DistClean command="/usr/bin/make -j4 -f &quot;/Users/darkhead/CLionProjects/sdl2_3d_engine/cmake/Makefile&quot;  VERBOSE=1 clean"/>
				</MakeCommands>
			</Target>
			<Target title="edit_cache">
				<Option working_dir="/Users/darkhead/CLionProjects/sdl2_3d_engine/cmake"/>
				<Option type="4"/>
				<MakeCommands>
					<Build command="/usr/bin/make -j4 -f &quot;/Users/darkhead/CLionProjects/sdl2_3d_engine/cmake/Makefile&quot;  VERBOSE=1 edit_cache"/>
					<CompileFile command="/usr/bin/make -j4 -f &quot;/Users/darkhead/CLionProjects/sdl2_3d_engine/cmake/Makefile&quot;  VERBOSE=1 &quot;$file&quot;"/>
					<Clean command="/usr/bin/make -j4 -f &quot;/Users/darkhead/CLionProjects/sdl2_3d_engine/cmake/Makefile&quot;  VERBOSE=1 clean"/>
					<DistClean command="/usr/bin/make -j4 -f &quot;/Users/darkhead/CLionProjects/sdl2_3d_engine/cmake/Makefile&quot;  VERBOSE=1 clean"/>
				</MakeCommands>
			</Target>
			<Target title="sdl2_3d_engine">
				<Option output="/Users/darkhead/CLionProjects/sdl2_3d_engine/cmake/sdl2_3d_engine" prefix_auto="0" extension_auto="0"/>
				<Option working_dir="/Users/darkhead/CLionProjects/sdl2_3d_engine/cmake"/>
				<Option object_output="./"/>
				<Option type="1"/>
				<Option compiler="gcc"/>
				<Compiler>
					<Add directory="/Library/Frameworks/SDL2.framework/Headers"/>
					<Add directory="/Library/Frameworks/SDL2_image.framework/Headers"/>
					<Add directory="/Library/Frameworks/SDL2_ttf.framework/Headers"/>
					<Add directory="/Applications/Xcode.app/Contents/Developer/Toolchains/XcodeDefault.xctoolchain/usr/include/c++/v1"/>
					<Add directory="/usr/local/include"/>
					<Add directory="/Applications/Xcode.app/Contents/Developer/Toolchains/XcodeDefault.xctoolchain/usr/lib/clang/9.1.0/include"/>
					<Add directory="/Applications/Xcode.app/Contents/Developer/Toolchains/XcodeDefault.xctoolchain/usr/include"/>
					<Add directory="/System/Library/Frameworks"/>
					<Add directory="/Library/Frameworks"/>
				</Compiler>
				<MakeCommands>
					<Build command="/usr/bin/make -j4 -f &quot;/Users/darkhead/CLionProjects/sdl2_3d_engine/cmake/Makefile&quot;  VERBOSE=1 sdl2_3d_engine"/>
					<CompileFile command="/usr/bin/make -j4 -f &quot;/Users/darkhead/CLionProjects/sdl2_3d_engine/cmake/Makefile&quot;  VERBOSE=1 &quot;$file&quot;"/>
					<Clean command="/usr/bin/make -j4 -f &quot;/Users/darkhead/CLionProjects/sdl2_3d_engine/cmake/Makefile&quot;  VERBOSE=1 clean"/>
					<DistClean command="/usr/bin/make -j4 -f &quot;/Users/darkhead/CLionProjects/sdl2_3d_engine/cmake/Makefile&quot;  VERBOSE=1 clean"/>
				</MakeCommands>
			</Target>
			<Target title="sdl2_3d_engine/fast">
				<Option output="/Users/darkhead/CLionProjects/sdl2_3d_engine/cmake/sdl2_3d_engine" prefix_auto="0" extension_auto="0"/>
				<Option working_dir="/Users/darkhead/CLionProjects/sdl2_3d_engine/cmake"/>
				<Option object_output="./"/>
				<Option type="1"/>
				<Option compiler="gcc"/>
				<Compiler>
					<Add directory="/Library/Frameworks/SDL2.framework/Headers"/>
					<Add directory="/Library/Frameworks/SDL2_image.framework/Headers"/>
					<Add directory="/Library/Frameworks/SDL2_ttf.framework/Headers"/>
					<Add directory="/Applications/Xcode.app/Contents/Developer/Toolchains/XcodeDefault.xctoolchain/usr/include/c++/v1"/>
					<Add directory="/usr/local/include"/>
					<Add directory="/Applications/Xcode.app/Contents/Developer/Toolchains/XcodeDefault.xctoolchain/usr/lib/clang/9.1.0/include"/>
					<Add directory="/Applications/Xcode.app/Contents/Developer/Toolchains/XcodeDefault.xctoolchain/usr/include"/>
					<Add directory="/System/Library/Frameworks"/>
					<Add directory="/Library/Frameworks"/>
				</Compiler>
				<MakeCommands>
					<Build command="/usr/bin/make -j4 -f &quot;/Users/darkhead/CLionProjects/sdl2_3d_engine/cmake/Makefile&quot;  VERBOSE=1 sdl2_3d_engine/fast"/>
					<CompileFile command="/usr/bin/make -j4 -f &quot;/Users/darkhead/CLionProjects/sdl2_3d_engine/cmake/Makefile&quot;  VERBOSE=1 &quot;$file&quot;"/>
					<Clean command="/usr/bin/make -j4 -f &quot;/Users/darkhead/CLionProjects/sdl2_3d_engine/cmake/Makefile&quot;  VERBOSE=1 clean"/>
					<DistClean command="/usr/bin/make -j4 -f &quot;/Users/darkhead/CLionProjects/sdl2_3d_engine/cmake/Makefile&quot;  VERBOSE=1 clean"/>
				</MakeCommands>
			</Target>
		</Build>
		<Unit filename="/Users/darkhead/CLionProjects/sdl2_3d_engine/Game.cpp">
			<Option target="sdl2_3d_engine"/>
		</Unit>
		<Unit filename="/Users/darkhead/CLionProjects/sdl2_3d_engine/Game.h">
			<Option target="sdl2_3d_engine"/>
		</Unit>
		<Unit filename="/Users/darkhead/CLionProjects/sdl2_3d_engine/headers/Billboard.h">
			<Option target="sdl2_3d_engine"/>
		</Unit>
		<Unit filename="/Users/darkhead/CLionProjects/sdl2_3d_engine/headers/Camera.h">
			<Option target="sdl2_3d_engine"/>
		</Unit>
		<Unit filename="/Users/darkhead/CLionProjects/sdl2_3d_engine/headers/Color.h">
			<Option target="sdl2_3d_engine"/>
		</Unit>
		<Unit filename="/Users/darkhead/CLionProjects/sdl2_3d_engine/headers/Controller.h">
			<Option target="sdl2_3d_engine"/>
		</Unit>
		<Unit filename="/Users/darkhead/CLionProjects/sdl2_3d_engine/headers/Core/Logging.cpp">
			<Option target="sdl2_3d_engine"/>
		</Unit>
		<Unit filename="/Users/darkhead/CLionProjects/sdl2_3d_engine/headers/Core/Logging.h">
			<Option target="sdl2_3d_engine"/>
		</Unit>
		<Unit filename="/Users/darkhead/CLionProjects/sdl2_3d_engine/headers/Drawable.h">
			<Option target="sdl2_3d_engine"/>
		</Unit>
		<Unit filename="/Users/darkhead/CLionProjects/sdl2_3d_engine/headers/Engine.h">
			<Option target="sdl2_3d_engine"/>
		</Unit>
		<Unit filename="/Users/darkhead/CLionProjects/sdl2_3d_engine/headers/EngineBuffers.h">
			<Option target="sdl2_3d_engine"/>
		</Unit>
		<Unit filename="/Users/darkhead/CLionProjects/sdl2_3d_engine/headers/EngineSetup.h">
			<Option target="sdl2_3d_engine"/>
		</Unit>
		<Unit filename="/Users/darkhead/CLionProjects/sdl2_3d_engine/headers/Frustum.h">
			<Option target="sdl2_3d_engine"/>
		</Unit>
		<Unit filename="/Users/darkhead/CLionProjects/sdl2_3d_engine/headers/GUI/GUI.h">
			<Option target="sdl2_3d_engine"/>
		</Unit>
		<Unit filename="/Users/darkhead/CLionProjects/sdl2_3d_engine/headers/GUI/GUI_Engine.h">
			<Option target="sdl2_3d_engine"/>
		</Unit>
		<Unit filename="/Users/darkhead/CLionProjects/sdl2_3d_engine/headers/GUI/GUI_LightsInspector.h">
			<Option target="sdl2_3d_engine"/>
		</Unit>
		<Unit filename="/Users/darkhead/CLionProjects/sdl2_3d_engine/headers/GUI/GUI_Log.h">
			<Option target="sdl2_3d_engine"/>
		</Unit>
		<Unit filename="/Users/darkhead/CLionProjects/sdl2_3d_engine/headers/GUI/GUI_Menu.h">
			<Option target="sdl2_3d_engine"/>
		</Unit>
		<Unit filename="/Users/darkhead/CLionProjects/sdl2_3d_engine/headers/GUI/GUI_ObjectsInspector.h">
			<Option target="sdl2_3d_engine"/>
		</Unit>
		<Unit filename="/Users/darkhead/CLionProjects/sdl2_3d_engine/headers/LTimer.h">
			<Option target="sdl2_3d_engine"/>
		</Unit>
		<Unit filename="/Users/darkhead/CLionProjects/sdl2_3d_engine/headers/LightPoint.h">
			<Option target="sdl2_3d_engine"/>
		</Unit>
		<Unit filename="/Users/darkhead/CLionProjects/sdl2_3d_engine/headers/Line2D.h">
			<Option target="sdl2_3d_engine"/>
		</Unit>
		<Unit filename="/Users/darkhead/CLionProjects/sdl2_3d_engine/headers/M3.h">
			<Option target="sdl2_3d_engine"/>
		</Unit>
		<Unit filename="/Users/darkhead/CLionProjects/sdl2_3d_engine/headers/Mesh.h">
			<Option target="sdl2_3d_engine"/>
		</Unit>
		<Unit filename="/Users/darkhead/CLionProjects/sdl2_3d_engine/headers/Object3D.h">
			<Option target="sdl2_3d_engine"/>
		</Unit>
		<Unit filename="/Users/darkhead/CLionProjects/sdl2_3d_engine/headers/Plane.h">
			<Option target="sdl2_3d_engine"/>
		</Unit>
		<Unit filename="/Users/darkhead/CLionProjects/sdl2_3d_engine/headers/Point2D.h">
			<Option target="sdl2_3d_engine"/>
		</Unit>
		<Unit filename="/Users/darkhead/CLionProjects/sdl2_3d_engine/headers/Q3Loader.h">
			<Option target="sdl2_3d_engine"/>
		</Unit>
		<Unit filename="/Users/darkhead/CLionProjects/sdl2_3d_engine/headers/Render.h">
			<Option target="sdl2_3d_engine"/>
		</Unit>
		<Unit filename="/Users/darkhead/CLionProjects/sdl2_3d_engine/headers/Texture.h">
			<Option target="sdl2_3d_engine"/>
		</Unit>
		<Unit filename="/Users/darkhead/CLionProjects/sdl2_3d_engine/headers/Tools.h">
			<Option target="sdl2_3d_engine"/>
		</Unit>
		<Unit filename="/Users/darkhead/CLionProjects/sdl2_3d_engine/headers/Triangle.h">
			<Option target="sdl2_3d_engine"/>
		</Unit>
		<Unit filename="/Users/darkhead/CLionProjects/sdl2_3d_engine/headers/Vector3D.h">
			<Option target="sdl2_3d_engine"/>
		</Unit>
		<Unit filename="/Users/darkhead/CLionProjects/sdl2_3d_engine/headers/Vertex.h">
			<Option target="sdl2_3d_engine"/>
		</Unit>
		<Unit filename="/Users/darkhead/CLionProjects/sdl2_3d_engine/imgui/examples/imgui_impl_opengl2.cpp">
			<Option target="sdl2_3d_engine"/>
		</Unit>
		<Unit filename="/Users/darkhead/CLionProjects/sdl2_3d_engine/imgui/examples/imgui_impl_opengl2.h">
			<Option target="sdl2_3d_engine"/>
		</Unit>
		<Unit filename="/Users/darkhead/CLionProjects/sdl2_3d_engine/imgui/examples/imgui_impl_sdl.cpp">
			<Option target="sdl2_3d_engine"/>
		</Unit>
		<Unit filename="/Users/darkhead/CLionProjects/sdl2_3d_engine/imgui/examples/imgui_impl_sdl.h">
			<Option target="sdl2_3d_engine"/>
		</Unit>
		<Unit filename="/Users/darkhead/CLionProjects/sdl2_3d_engine/imgui/imconfig.h">
			<Option target="sdl2_3d_engine"/>
		</Unit>
		<Unit filename="/Users/darkhead/CLionProjects/sdl2_3d_engine/imgui/imgui.cpp">
			<Option target="sdl2_3d_engine"/>
		</Unit>
		<Unit filename="/Users/darkhead/CLionProjects/sdl2_3d_engine/imgui/imgui.h">
			<Option target="sdl2_3d_engine"/>
		</Unit>
		<Unit filename="/Users/darkhead/CLionProjects/sdl2_3d_engine/imgui/imgui_demo.cpp">
			<Option target="sdl2_3d_engine"/>
		</Unit>
		<Unit filename="/Users/darkhead/CLionProjects/sdl2_3d_engine/imgui/imgui_draw.cpp">
			<Option target="sdl2_3d_engine"/>
		</Unit>
		<Unit filename="/Users/darkhead/CLionProjects/sdl2_3d_engine/imgui/imgui_internal.h">
			<Option target="sdl2_3d_engine"/>
		</Unit>
		<Unit filename="/Users/darkhead/CLionProjects/sdl2_3d_engine/imgui/imgui_widgets.cpp">
			<Option target="sdl2_3d_engine"/>
		</Unit>
		<Unit filename="/Users/darkhead/CLionProjects/sdl2_3d_engine/imgui/imstb_rectpack.h">
			<Option target="sdl2_3d_engine"/>
		</Unit>
		<Unit filename="/Users/darkhead/CLionProjects/sdl2_3d_engine/imgui/imstb_textedit.h">
			<Option target="sdl2_3d_engine"/>
		</Unit>
		<Unit filename="/Users/darkhead/CLionProjects/sdl2_3d_engine/imgui/imstb_truetype.h">
			<Option target="sdl2_3d_engine"/>
		</Unit>
		<Unit filename="/Users/darkhead/CLionProjects/sdl2_3d_engine/main.cpp">
			<Option target="sdl2_3d_engine"/>
		</Unit>
		<Unit filename="/Users/darkhead/CLionProjects/sdl2_3d_engine/src/Billboard.cpp">
			<Option target="sdl2_3d_engine"/>
		</Unit>
		<Unit filename="/Users/darkhead/CLionProjects/sdl2_3d_engine/src/Camera.cpp">
			<Option target="sdl2_3d_engine"/>
		</Unit>
		<Unit filename="/Users/darkhead/CLionProjects/sdl2_3d_engine/src/Color.cpp">
			<Option target="sdl2_3d_engine"/>
		</Unit>
		<Unit filename="/Users/darkhead/CLionProjects/sdl2_3d_engine/src/Controller.cpp">
			<Option target="sdl2_3d_engine"/>
		</Unit>
		<Unit filename="/Users/darkhead/CLionProjects/sdl2_3d_engine/src/Drawable.cpp">
			<Option target="sdl2_3d_engine"/>
		</Unit>
		<Unit filename="/Users/darkhead/CLionProjects/sdl2_3d_engine/src/Engine.cpp">
			<Option target="sdl2_3d_engine"/>
		</Unit>
		<Unit filename="/Users/darkhead/CLionProjects/sdl2_3d_engine/src/EngineBuffers.cpp">
			<Option target="sdl2_3d_engine"/>
		</Unit>
		<Unit filename="/Users/darkhead/CLionProjects/sdl2_3d_engine/src/EngineSetup.cpp">
			<Option target="sdl2_3d_engine"/>
		</Unit>
		<Unit filename="/Users/darkhead/CLionProjects/sdl2_3d_engine/src/Frustum.cpp">
			<Option target="sdl2_3d_engine"/>
		</Unit>
		<Unit filename="/Users/darkhead/CLionProjects/sdl2_3d_engine/src/LTimer.cpp">
			<Option target="sdl2_3d_engine"/>
		</Unit>
		<Unit filename="/Users/darkhead/CLionProjects/sdl2_3d_engine/src/LightPoint.cpp">
			<Option target="sdl2_3d_engine"/>
		</Unit>
		<Unit filename="/Users/darkhead/CLionProjects/sdl2_3d_engine/src/Line2D.cpp">
			<Option target="sdl2_3d_engine"/>
		</Unit>
		<Unit filename="/Users/darkhead/CLionProjects/sdl2_3d_engine/src/M3.cpp">
			<Option target="sdl2_3d_engine"/>
		</Unit>
		<Unit filename="/Users/darkhead/CLionProjects/sdl2_3d_engine/src/Mesh.cpp">
			<Option target="sdl2_3d_engine"/>
		</Unit>
		<Unit filename="/Users/darkhead/CLionProjects/sdl2_3d_engine/src/Object3D.cpp">
			<Option target="sdl2_3d_engine"/>
		</Unit>
		<Unit filename="/Users/darkhead/CLionProjects/sdl2_3d_engine/src/Plane.cpp">
			<Option target="sdl2_3d_engine"/>
		</Unit>
		<Unit filename="/Users/darkhead/CLionProjects/sdl2_3d_engine/src/Point2D.cpp">
			<Option target="sdl2_3d_engine"/>
		</Unit>
		<Unit filename="/Users/darkhead/CLionProjects/sdl2_3d_engine/src/Q3Loader.cpp">
			<Option target="sdl2_3d_engine"/>
		</Unit>
		<Unit filename="/Users/darkhead/CLionProjects/sdl2_3d_engine/src/Render.cpp">
			<Option target="sdl2_3d_engine"/>
		</Unit>
		<Unit filename="/Users/darkhead/CLionProjects/sdl2_3d_engine/src/Texture.cpp">
			<Option target="sdl2_3d_engine"/>
		</Unit>
		<Unit filename="/Users/darkhead/CLionProjects/sdl2_3d_engine/src/Tools.cpp">
			<Option target="sdl2_3d_engine"/>
		</Unit>
		<Unit filename="/Users/darkhead/CLionProjects/sdl2_3d_engine/src/Triangle.cpp">
			<Option target="sdl2_3d_engine"/>
		</Unit>
		<Unit filename="/Users/darkhead/CLionProjects/sdl2_3d_engine/src/Vector3D.cpp">
			<Option target="sdl2_3d_engine"/>
		</Unit>
		<Unit filename="/Users/darkhead/CLionProjects/sdl2_3d_engine/src/Vertex.cpp">
			<Option target="sdl2_3d_engine"/>
		</Unit>
		<Unit filename="/Users/darkhead/CLionProjects/sdl2_3d_engine/CMakeLists.txt">
			<Option virtualFolder="CMake Files\"/>
		</Unit>
		<Unit filename="/Users/darkhead/CLionProjects/sdl2_3d_engine/cmake/FindSDL2.cmake">
			<Option virtualFolder="CMake Files\cmake\"/>
		</Unit>
		<Unit filename="/Users/darkhead/CLionProjects/sdl2_3d_engine/cmake/FindSDL2_image.cmake">
			<Option virtualFolder="CMake Files\cmake\"/>
		</Unit>
		<Unit filename="/Users/darkhead/CLionProjects/sdl2_3d_engine/cmake/FindSDL2_ttf.cmake">
			<Option virtualFolder="CMake Files\cmake\"/>
		</Unit>
	</Project>
</CodeBlocks_project_file>
